Microsoft Visual Studio Solution File, Format Version 12.00
# Visual Studio Version 17
VisualStudioVersion = 17.5.2.0
MinimumVisualStudioVersion = 10.0.40219.1
Project("{FAE04EC0-301F-11D3-BF4B-00C04F79EFBC}") = "ChaDeBebe.Api", "ChaDeBebe.Api\ChaDeBebe.Api.csproj", "ChaDeBebe.Tests\ChaDeBebe.Tests.csproj", "{301C3940-BE0C-9D79-D947-6FFBD3FC28F2}"
EndProject
Global
	GlobalSection(SolutionConfigurationPlatforms) = preSolution
		Debug|Any CPU = Debug|Any CPU
		Release|Any CPU = Release|Any CPU
	EndGlobalSection
	GlobalSection(ProjectConfigurationPlatforms) = postSolution
		{301C3940-BE0C-9D79-D947-6FFBD3FC28F2}.Debug|Any CPU.ActiveCfg = Debug|Any CPU
		{301C3940-BE0C-9D79-D947-6FFBD3FC28F2}.Debug|Any CPU.Build.0 = Debug|Any CPU
		{301C3940-BE0C-9D79-D947-6FFBD3FC28F2}.Release|Any CPU.ActiveCfg = Release|Any CPU
		{301C3940-BE0C-9D79-D947-6FFBD3FC28F2}.Release|Any CPU.Build.0 = Release|Any CPU
	EndGlobalSection
	GlobalSection(SolutionProperties) = preSolution
		HideSolutionNode = FALSE
	EndGlobalSection
	GlobalSection(ExtensibilityGlobals) = postSolution
		SolutionGuid = {90BB22FB-F265-47CE-9B11-0E61DA1D6D42}
	EndGlobalSection
EndGlobal
